<?xml version="1.0" encoding="utf-8"?>
<Project ToolsVersion="4.0" xmlns="http://schemas.microsoft.com/developer/msbuild/2003">
  <ItemGroup>
    <Filter Include="Tests">
      <UniqueIdentifier>{5865280E-C479-50BF-8DFB-F31EF9CE4CF0}</UniqueIdentifier>
    </Filter>
  </ItemGroup>
  <ItemGroup>
    <ClCompile Include="..\src\Tests\camera.features.cpp">
      <Filter>Tests</Filter>
    </ClCompile>
    <ClCompile Include="..\src\Tests\canvas.features.cpp">
      <Filter>Tests</Filter>
    </ClCompile>
    <ClCompile Include="..\src\Tests\cone.features.cpp">
      <Filter>Tests</Filter>
    </ClCompile>
    <ClCompile Include="..\src\Tests\cube.features.cpp">
      <Filter>Tests</Filter>
    </ClCompile>
    <ClCompile Include="..\src\Tests\cylinder.features.cpp">
      <Filter>Tests</Filter>
    </ClCompile>
    <ClCompile Include="..\src\Tests\intersections.features.cpp">
      <Filter>Tests</Filter>
    </ClCompile>
    <ClCompile Include="..\src\Tests\lights.features.cpp">
      <Filter>Tests</Filter>
    </ClCompile>
    <ClCompile Include="..\src\Tests\materials.features.cpp">
      <Filter>Tests</Filter>
    </ClCompile>
    <ClCompile Include="..\src\Tests\matrix.features.cpp">
      <Filter>Tests</Filter>
    </ClCompile>
    <ClCompile Include="..\src\Tests\patterns.features.cpp">
      <Filter>Tests</Filter>
    </ClCompile>
    <ClCompile Include="..\src\Tests\planes.features.cpp">
      <Filter>Tests</Filter>
    </ClCompile>
    <ClCompile Include="..\src\Tests\ray.features.cpp">
      <Filter>Tests</Filter>
    </ClCompile>
    <ClCompile Include="..\src\Tests\scene.features.cpp">
      <Filter>Tests</Filter>
    </ClCompile>
    <ClCompile Include="..\src\Tests\shading.features.cpp">
      <Filter>Tests</Filter>
    </ClCompile>
    <ClCompile Include="..\src\Tests\shape.features.cpp">
      <Filter>Tests</Filter>
    </ClCompile>
    <ClCompile Include="..\src\Tests\spheres.features.cpp">
      <Filter>Tests</Filter>
    </ClCompile>
    <ClCompile Include="..\src\Tests\transformations.features.cpp">
      <Filter>Tests</Filter>
    </ClCompile>
    <ClCompile Include="..\src\Tests\tuple.features.cpp">
      <Filter>Tests</Filter>
    </ClCompile>
    <ClCompile Include="..\src\Tests\world.features.cpp">
      <Filter>Tests</Filter>
    </ClCompile>
    <ClCompile Include="..\src\canvas.cpp" />
    <ClCompile Include="..\src\intersection.cpp" />
  </ItemGroup>
</Project>